
Microsoft Visual Studio Solution File, Format Version 12.00
# Visual Studio Version 16
VisualStudioVersion = 25.0.1706.14
MinimumVisualStudioVersion = 10.0.40219.1
Project("{FAE04EC0-301F-11D3-BF4B-00C04F79EFBC}") = "Joke-Me-Up", "Joke-Me-Up.csproj", "{04482FF1-E3EF-4244-8FA6-D05D5A908C86}"
EndProject
Global
	GlobalSection(SolutionConfigurationPlatforms) = preSolution
		Debug|Any CPU = Debug|Any CPU
		Release|Any CPU = Release|Any CPU
	EndGlobalSection
	GlobalSection(ProjectConfigurationPlatforms) = postSolution
		{04482FF1-E3EF-4244-8FA6-D05D5A908C86}.Debug|Any CPU.ActiveCfg = Debug|Any CPU
		{04482FF1-E3EF-4244-8FA6-D05D5A908C86}.Debug|Any CPU.Build.0 = Debug|Any CPU
		{04482FF1-E3EF-4244-8FA6-D05D5A908C86}.Release|Any CPU.ActiveCfg = Release|Any CPU
		{04482FF1-E3EF-4244-8FA6-D05D5A908C86}.Release|Any CPU.Build.0 = Release|Any CPU
	EndGlobalSection
	GlobalSection(SolutionProperties) = preSolution
		HideSolutionNode = FALSE
	EndGlobalSection
	GlobalSection(ExtensibilityGlobals) = postSolution
		SolutionGuid = {338F0C99-C8B8-4C28-AE2D-F081C261AF6D}
	EndGlobalSection
EndGlobal
